{
  "nodes": {
    "darwin": {
      "inputs": {
        "nixpkgs": [
          "nixpkgs"
        ]
      },
      "locked": {
        "lastModified": 1697723594,
        "narHash": "sha256-W7lTC+kHGS1YCOutGpxUHF0cK66iY/GYr3INaTyVa/I=",
        "owner": "lnl7",
        "repo": "nix-darwin",
        "rev": "19f75c2b45fbfc307ecfeb9dadc41a4c1e4fb980",
        "type": "github"
      },
      "original": {
        "owner": "lnl7",
        "ref": "master",
        "repo": "nix-darwin",
        "type": "github"
      }
    },
    "flake-utils": {
      "inputs": {
        "systems": "systems"
      },
      "locked": {
        "lastModified": 1681202837,
        "narHash": "sha256-H+Rh19JDwRtpVPAWp64F+rlEtxUWBAQW28eAi3SRSzg=",
        "owner": "numtide",
        "repo": "flake-utils",
        "rev": "cfacdce06f30d2b68473a46042957675eebb3401",
        "type": "github"
      },
      "original": {
        "owner": "numtide",
        "repo": "flake-utils",
        "type": "github"
      }
    },
    "home-manager": {
      "inputs": {
        "nixpkgs": [
          "nixpkgs"
        ]
      },
      "locked": {
        "lastModified": 1698162493,
        "narHash": "sha256-Zehw3cWiTXGGlDDjzTgIX1BhWG+049D/RcSMAiypAcM=",
        "owner": "nix-community",
        "repo": "home-manager",
        "rev": "14b54157201fd574b0fa1b3ce7394c9d3a87fbc1",
        "type": "github"
      },
      "original": {
        "owner": "nix-community",
        "repo": "home-manager",
        "type": "github"
      }
    },
    "nixpkgs": {
      "locked": {
        "lastModified": 1698242048,
        "narHash": "sha256-pYvZBgppfCeXPQBGTniUj80vvUNxSiYzZO9rQjqOrl8=",
        "owner": "nixos",
        "repo": "nixpkgs",
        "rev": "902eebf45e67d206107adf603991273c62db135e",
        "type": "github"
      },
      "original": {
        "owner": "nixos",
        "ref": "master",
        "repo": "nixpkgs",
        "type": "github"
      }
    },
    "root": {
      "inputs": {
        "darwin": "darwin",
        "home-manager": "home-manager",
        "nixpkgs": "nixpkgs",
        "yesod-routes-tags": "yesod-routes-tags"
      }
    },
    "systems": {
      "locked": {
        "lastModified": 1681028828,
        "narHash": "sha256-Vy1rq5AaRuLzOxct8nz4T6wlgyUR7zLU309k9mBC768=",
        "owner": "nix-systems",
        "repo": "default",
        "rev": "da67096a3b9bf56a91d16901293e51ba5b49a27e",
        "type": "github"
      },
      "original": {
        "owner": "nix-systems",
        "repo": "default",
        "type": "github"
      }
    },
    "yesod-routes-tags": {
      "inputs": {
        "flake-utils": "flake-utils",
        "nixpkgs": [
          "nixpkgs"
        ]
      },
      "locked": {
        "lastModified": 1685646014,
        "narHash": "sha256-lXzd3LGMO5PXz0Q2+bbADz4ad/rIMdiBqUr+wmCZcGo=",
        "owner": "maxhallinan",
        "repo": "yesod-routes-tags",
        "rev": "34a60e922f74a7bed2277af061f33c59b1c7bdaf",
        "type": "github"
      },
      "original": {
        "owner": "maxhallinan",
        "repo": "yesod-routes-tags",
        "rev": "34a60e922f74a7bed2277af061f33c59b1c7bdaf",
        "type": "github"
      }
    }
  },
  "root": "root",
  "version": 7
}
