{
  "nodes": {
    "darwin": {
      "inputs": {
        "nixpkgs": [
          "nixpkgs"
        ]
      },
      "locked": {
        "lastModified": 1708231718,
        "narHash": "sha256-IZdieFWvhBkxoOFMDejqLUYqD94WN6k0YSpw0DFy+4g=",
        "owner": "lnl7",
        "repo": "nix-darwin",
        "rev": "0e6857fa1d632637488666c08e7b02c08e3178f8",
        "type": "github"
      },
      "original": {
        "owner": "lnl7",
        "ref": "master",
        "repo": "nix-darwin",
        "type": "github"
      }
    },
    "flake-utils": {
      "inputs": {
        "systems": "systems"
      },
      "locked": {
        "lastModified": 1681202837,
        "narHash": "sha256-H+Rh19JDwRtpVPAWp64F+rlEtxUWBAQW28eAi3SRSzg=",
        "owner": "numtide",
        "repo": "flake-utils",
        "rev": "cfacdce06f30d2b68473a46042957675eebb3401",
        "type": "github"
      },
      "original": {
        "owner": "numtide",
        "repo": "flake-utils",
        "type": "github"
      }
    },
    "home-manager": {
      "inputs": {
        "nixpkgs": [
          "nixpkgs"
        ]
      },
      "locked": {
        "lastModified": 1708294481,
        "narHash": "sha256-DZtxmeb4OR7iCaKUUuq05ADV2rX8WReZEF7Tq//W0+Y=",
        "owner": "nix-community",
        "repo": "home-manager",
        "rev": "a54e05bc12d88ff2df941d0dc1183cb5235fa438",
        "type": "github"
      },
      "original": {
        "owner": "nix-community",
        "repo": "home-manager",
        "type": "github"
      }
    },
    "neovim-helloworld": {
      "flake": false,
      "locked": {
        "lastModified": 1709435841,
        "narHash": "sha256-Y24C/PIGX/17KM2taJZjq3iJQp3fMBXV8bWIAvOiDfQ=",
        "ref": "refs/heads/main",
        "rev": "0207db5b07e7578b155e148b2eb9c574c39261d6",
        "revCount": 2,
        "type": "git",
        "url": "ssh://git@github.com/maxhallinan/neovim-helloworld"
      },
      "original": {
        "type": "git",
        "url": "ssh://git@github.com/maxhallinan/neovim-helloworld"
      }
    },
    "nixpkgs": {
      "locked": {
        "lastModified": 1708440345,
        "narHash": "sha256-h16Td76M1H/Qua9n8t0Nb079HM50o5oabDhMWiOh6pQ=",
        "owner": "nixos",
        "repo": "nixpkgs",
        "rev": "65480f71f82bf75a35b3932dd98f34b3901ff8bf",
        "type": "github"
      },
      "original": {
        "owner": "nixos",
        "ref": "master",
        "repo": "nixpkgs",
        "type": "github"
      }
    },
    "root": {
      "inputs": {
        "darwin": "darwin",
        "home-manager": "home-manager",
        "neovim-helloworld": "neovim-helloworld",
        "nixpkgs": "nixpkgs",
        "yesod-routes-tags": "yesod-routes-tags"
      }
    },
    "systems": {
      "locked": {
        "lastModified": 1681028828,
        "narHash": "sha256-Vy1rq5AaRuLzOxct8nz4T6wlgyUR7zLU309k9mBC768=",
        "owner": "nix-systems",
        "repo": "default",
        "rev": "da67096a3b9bf56a91d16901293e51ba5b49a27e",
        "type": "github"
      },
      "original": {
        "owner": "nix-systems",
        "repo": "default",
        "type": "github"
      }
    },
    "yesod-routes-tags": {
      "inputs": {
        "flake-utils": "flake-utils",
        "nixpkgs": [
          "nixpkgs"
        ]
      },
      "locked": {
        "lastModified": 1685646014,
        "narHash": "sha256-lXzd3LGMO5PXz0Q2+bbADz4ad/rIMdiBqUr+wmCZcGo=",
        "owner": "maxhallinan",
        "repo": "yesod-routes-tags",
        "rev": "34a60e922f74a7bed2277af061f33c59b1c7bdaf",
        "type": "github"
      },
      "original": {
        "owner": "maxhallinan",
        "repo": "yesod-routes-tags",
        "rev": "34a60e922f74a7bed2277af061f33c59b1c7bdaf",
        "type": "github"
      }
    }
  },
  "root": "root",
  "version": 7
}
